<?xml version="1.0" encoding="utf-8"?>
<Project ToolsVersion="4.0" xmlns="http://schemas.microsoft.com/developer/msbuild/2003">
  <ItemGroup>
    <ClCompile Include="src\ofApp.cpp">
      <Filter>src</Filter>
    </ClCompile>
    <ClCompile Include="src\main.cpp">
      <Filter>src</Filter>
    </ClCompile>
    <ClCompile Include="src\LogDisplay.cpp" />
  </ItemGroup>
  <ItemGroup>
    <Filter Include="src">
      <UniqueIdentifier>{d8376475-7454-4a24-b08a-aac121d3ad6f}</UniqueIdentifier>
    </Filter>
    <Filter Include="data">
      <UniqueIdentifier>{4784ad8b-63f1-4a1b-95aa-25df97f057ba}</UniqueIdentifier>
    </Filter>
  </ItemGroup>
  <ItemGroup>
    <ClInclude Include="src\ofApp.h">
      <Filter>src</Filter>
    </ClInclude>
    <ClInclude Include="src\LogDisplay.h" />
  </ItemGroup>
  <ItemGroup>
    <ResourceCompile Include="icon.rc" />
  </ItemGroup>
  <ItemGroup>
    <None Include="bin\data\compute.glsl">
      <Filter>data</Filter>
    </None>
    <None Include="bin\data\constantFrag.glsl">
      <Filter>data</Filter>
    </None>
    <None Include="bin\data\constantVert.glsl">
      <Filter>data</Filter>
    </None>
    <None Include="bin\data\imageFrag.glsl">
      <Filter>data</Filter>
    </None>
    <None Include="bin\data\imageVert.glsl">
      <Filter>data</Filter>
    </None>
    <None Include="bin\data\sphereGeom.glsl">
      <Filter>data</Filter>
    </None>
  </ItemGroup>
</Project>