<?xml version="1.0" encoding="utf-8"?>
<Project ToolsVersion="4.0" xmlns="http://schemas.microsoft.com/developer/msbuild/2003">
  <ItemGroup>
    <Filter Include="Source Files">
      <UniqueIdentifier>{4FC737F1-C7A5-4376-A066-2A32D752A2FF}</UniqueIdentifier>
      <Extensions>cpp;c;cc;cxx;def;odl;idl;hpj;bat;asm;asmx</Extensions>
    </Filter>
    <Filter Include="Header Files">
      <UniqueIdentifier>{93995380-89BD-4b04-88EB-625FBE52EBFB}</UniqueIdentifier>
      <Extensions>h;hh;hpp;hxx;hm;inl;inc;xsd</Extensions>
    </Filter>
    <Filter Include="Resource Files">
      <UniqueIdentifier>{67DA6AB6-F800-4c08-8B7A-83BB121AAD01}</UniqueIdentifier>
      <Extensions>rc;ico;cur;bmp;dlg;rc2;rct;bin;rgs;gif;jpg;jpeg;jpe;resx;tiff;tif;png;wav;mfcribbon-ms</Extensions>
    </Filter>
    <Filter Include="addons">
      <UniqueIdentifier>{dfae17a4-5c94-44fb-ac46-b4b00baad21e}</UniqueIdentifier>
    </Filter>
  </ItemGroup>
  <ItemGroup>
    <ClInclude Include="ShaderWatcher.h">
      <Filter>Header Files</Filter>
    </ClInclude>
    <ClInclude Include="ContentLoader.h">
      <Filter>Header Files</Filter>
    </ClInclude>
    <ClInclude Include="Content.h">
      <Filter>Header Files</Filter>
    </ClInclude>
    <ClInclude Include="stdafx.h">
      <Filter>Header Files</Filter>
    </ClInclude>
    <ClInclude Include="ofxGuiGroup.h">
      <Filter>addons</Filter>
    </ClInclude>
    <ClInclude Include="ofxInputField.h">
      <Filter>addons</Filter>
    </ClInclude>
    <ClInclude Include="ofxLabel.h">
      <Filter>addons</Filter>
    </ClInclude>
    <ClInclude Include="ofxPanel.h">
      <Filter>addons</Filter>
    </ClInclude>
    <ClInclude Include="ofxSlider.h">
      <Filter>addons</Filter>
    </ClInclude>
    <ClInclude Include="ofxSliderGroup.h">
      <Filter>addons</Filter>
    </ClInclude>
    <ClInclude Include="ofxToggle.h">
      <Filter>addons</Filter>
    </ClInclude>
    <ClInclude Include="ofxBaseGui.h">
      <Filter>addons</Filter>
    </ClInclude>
    <ClInclude Include="ofxButton.h">
      <Filter>addons</Filter>
    </ClInclude>
    <ClInclude Include="ofxColorPicker.h">
      <Filter>addons</Filter>
    </ClInclude>
    <ClInclude Include="ofxGui.h">
      <Filter>addons</Filter>
    </ClInclude>
    <ClInclude Include="Renderer.h">
      <Filter>Header Files</Filter>
    </ClInclude>
    <ClInclude Include="Renderer_Drawing.h">
      <Filter>Header Files</Filter>
    </ClInclude>
    <ClInclude Include="Renderer_Animation.h">
      <Filter>Header Files</Filter>
    </ClInclude>
    <ClInclude Include="ImageSaverThread.h">
      <Filter>Header Files</Filter>
    </ClInclude>
  </ItemGroup>
  <ItemGroup>
    <ClCompile Include="ShaderWatcher.cpp">
      <Filter>Source Files</Filter>
    </ClCompile>
    <ClCompile Include="ContentLoader.cpp">
      <Filter>Source Files</Filter>
    </ClCompile>
    <ClCompile Include="Content.cpp">
      <Filter>Source Files</Filter>
    </ClCompile>
    <ClCompile Include="stdafx.cpp">
      <Filter>Source Files</Filter>
    </ClCompile>
    <ClCompile Include="ofxGuiGroup.cpp">
      <Filter>addons</Filter>
    </ClCompile>
    <ClCompile Include="ofxInputField.cpp">
      <Filter>addons</Filter>
    </ClCompile>
    <ClCompile Include="ofxLabel.cpp">
      <Filter>addons</Filter>
    </ClCompile>
    <ClCompile Include="ofxPanel.cpp">
      <Filter>addons</Filter>
    </ClCompile>
    <ClCompile Include="ofxSlider.cpp">
      <Filter>addons</Filter>
    </ClCompile>
    <ClCompile Include="ofxSliderGroup.cpp">
      <Filter>addons</Filter>
    </ClCompile>
    <ClCompile Include="ofxToggle.cpp">
      <Filter>addons</Filter>
    </ClCompile>
    <ClCompile Include="ofxBaseGui.cpp">
      <Filter>addons</Filter>
    </ClCompile>
    <ClCompile Include="ofxButton.cpp">
      <Filter>addons</Filter>
    </ClCompile>
    <ClCompile Include="ofxColorPicker.cpp">
      <Filter>addons</Filter>
    </ClCompile>
    <ClCompile Include="Renderer.cpp">
      <Filter>Source Files</Filter>
    </ClCompile>
    <ClCompile Include="Renderer_Drawing.cpp">
      <Filter>Source Files</Filter>
    </ClCompile>
    <ClCompile Include="Renderer_Animation.cpp">
      <Filter>Source Files</Filter>
    </ClCompile>
    <ClCompile Include="ImageSaverThread.cpp">
      <Filter>Source Files</Filter>
    </ClCompile>
  </ItemGroup>
</Project>